
Microsoft Visual Studio Solution File, Format Version 12.00
# Visual Studio Version 17
VisualStudioVersion = 17.5.33627.172
MinimumVisualStudioVersion = 10.0.40219.1
Project("{8BC9CEB8-8B4A-11D0-8D11-00A0C91BC942}") = "000_test", "000_test\000_test.vcxproj", "{79C77C13-9319-4445-8460-718163E1BFAF}"
EndProject
Project("{2150E333-8FDC-42A3-9474-1A3956D46DE8}") = "HomeWork", "HomeWork", "{62469D80-911D-4D28-BBEA-117A88659A9A}"
EndProject
Project("{8BC9CEB8-8B4A-11D0-8D11-00A0C91BC942}") = "HW230518", "HW230518\HW230518.vcxproj", "{9ED06592-8058-4D98-88CB-6ABFCB354444}"
EndProject
Project("{8BC9CEB8-8B4A-11D0-8D11-00A0C91BC942}") = "HW230519", "HW230519\HW230519.vcxproj", "{891AF9FB-EA23-42CE-B953-22EF131F0CDC}"
EndProject
Project("{8BC9CEB8-8B4A-11D0-8D11-00A0C91BC942}") = "HW230522", "HW230522\HW230522.vcxproj", "{281FDF4C-E0BE-4CEA-BF0D-23CA9F46BD96}"
EndProject
Project("{8BC9CEB8-8B4A-11D0-8D11-00A0C91BC942}") = "HW230523", "HW230523\HW230523.vcxproj", "{3AD6DDA0-F817-4EB1-98C0-39BCB237C9AB}"
EndProject
Project("{8BC9CEB8-8B4A-11D0-8D11-00A0C91BC942}") = "HW230524", "HW230524\HW230524.vcxproj", "{84F6E529-043C-48BE-9F95-81D5FDE90AD9}"
EndProject
Project("{2150E333-8FDC-42A3-9474-1A3956D46DE8}") = "ConsoleGame", "ConsoleGame", "{22B0F86F-2D17-4EC9-A536-3C8BBA69A801}"
EndProject
Project("{8BC9CEB8-8B4A-11D0-8D11-00A0C91BC942}") = "ConsoleGame", "ConsoleGame\ConsoleGame.vcxproj", "{F3430466-A9A8-4924-8909-815C602AAD1F}"
EndProject
Global
	GlobalSection(SolutionConfigurationPlatforms) = preSolution
		Debug|x64 = Debug|x64
		Debug|x86 = Debug|x86
		Release|x64 = Release|x64
		Release|x86 = Release|x86
	EndGlobalSection
	GlobalSection(ProjectConfigurationPlatforms) = postSolution
		{79C77C13-9319-4445-8460-718163E1BFAF}.Debug|x64.ActiveCfg = Debug|x64
		{79C77C13-9319-4445-8460-718163E1BFAF}.Debug|x64.Build.0 = Debug|x64
		{79C77C13-9319-4445-8460-718163E1BFAF}.Debug|x86.ActiveCfg = Debug|Win32
		{79C77C13-9319-4445-8460-718163E1BFAF}.Debug|x86.Build.0 = Debug|Win32
		{79C77C13-9319-4445-8460-718163E1BFAF}.Release|x64.ActiveCfg = Release|x64
		{79C77C13-9319-4445-8460-718163E1BFAF}.Release|x64.Build.0 = Release|x64
		{79C77C13-9319-4445-8460-718163E1BFAF}.Release|x86.ActiveCfg = Release|Win32
		{79C77C13-9319-4445-8460-718163E1BFAF}.Release|x86.Build.0 = Release|Win32
		{9ED06592-8058-4D98-88CB-6ABFCB354444}.Debug|x64.ActiveCfg = Debug|x64
		{9ED06592-8058-4D98-88CB-6ABFCB354444}.Debug|x64.Build.0 = Debug|x64
		{9ED06592-8058-4D98-88CB-6ABFCB354444}.Debug|x86.ActiveCfg = Debug|Win32
		{9ED06592-8058-4D98-88CB-6ABFCB354444}.Debug|x86.Build.0 = Debug|Win32
		{9ED06592-8058-4D98-88CB-6ABFCB354444}.Release|x64.ActiveCfg = Release|x64
		{9ED06592-8058-4D98-88CB-6ABFCB354444}.Release|x64.Build.0 = Release|x64
		{9ED06592-8058-4D98-88CB-6ABFCB354444}.Release|x86.ActiveCfg = Release|Win32
		{9ED06592-8058-4D98-88CB-6ABFCB354444}.Release|x86.Build.0 = Release|Win32
		{891AF9FB-EA23-42CE-B953-22EF131F0CDC}.Debug|x64.ActiveCfg = Debug|x64
		{891AF9FB-EA23-42CE-B953-22EF131F0CDC}.Debug|x64.Build.0 = Debug|x64
		{891AF9FB-EA23-42CE-B953-22EF131F0CDC}.Debug|x86.ActiveCfg = Debug|Win32
		{891AF9FB-EA23-42CE-B953-22EF131F0CDC}.Debug|x86.Build.0 = Debug|Win32
		{891AF9FB-EA23-42CE-B953-22EF131F0CDC}.Release|x64.ActiveCfg = Release|x64
		{891AF9FB-EA23-42CE-B953-22EF131F0CDC}.Release|x64.Build.0 = Release|x64
		{891AF9FB-EA23-42CE-B953-22EF131F0CDC}.Release|x86.ActiveCfg = Release|Win32
		{891AF9FB-EA23-42CE-B953-22EF131F0CDC}.Release|x86.Build.0 = Release|Win32
		{281FDF4C-E0BE-4CEA-BF0D-23CA9F46BD96}.Debug|x64.ActiveCfg = Debug|x64
		{281FDF4C-E0BE-4CEA-BF0D-23CA9F46BD96}.Debug|x64.Build.0 = Debug|x64
		{281FDF4C-E0BE-4CEA-BF0D-23CA9F46BD96}.Debug|x86.ActiveCfg = Debug|Win32
		{281FDF4C-E0BE-4CEA-BF0D-23CA9F46BD96}.Debug|x86.Build.0 = Debug|Win32
		{281FDF4C-E0BE-4CEA-BF0D-23CA9F46BD96}.Release|x64.ActiveCfg = Release|x64
		{281FDF4C-E0BE-4CEA-BF0D-23CA9F46BD96}.Release|x64.Build.0 = Release|x64
		{281FDF4C-E0BE-4CEA-BF0D-23CA9F46BD96}.Release|x86.ActiveCfg = Release|Win32
		{281FDF4C-E0BE-4CEA-BF0D-23CA9F46BD96}.Release|x86.Build.0 = Release|Win32
		{3AD6DDA0-F817-4EB1-98C0-39BCB237C9AB}.Debug|x64.ActiveCfg = Debug|x64
		{3AD6DDA0-F817-4EB1-98C0-39BCB237C9AB}.Debug|x64.Build.0 = Debug|x64
		{3AD6DDA0-F817-4EB1-98C0-39BCB237C9AB}.Debug|x86.ActiveCfg = Debug|Win32
		{3AD6DDA0-F817-4EB1-98C0-39BCB237C9AB}.Debug|x86.Build.0 = Debug|Win32
		{3AD6DDA0-F817-4EB1-98C0-39BCB237C9AB}.Release|x64.ActiveCfg = Release|x64
		{3AD6DDA0-F817-4EB1-98C0-39BCB237C9AB}.Release|x64.Build.0 = Release|x64
		{3AD6DDA0-F817-4EB1-98C0-39BCB237C9AB}.Release|x86.ActiveCfg = Release|Win32
		{3AD6DDA0-F817-4EB1-98C0-39BCB237C9AB}.Release|x86.Build.0 = Release|Win32
		{84F6E529-043C-48BE-9F95-81D5FDE90AD9}.Debug|x64.ActiveCfg = Debug|x64
		{84F6E529-043C-48BE-9F95-81D5FDE90AD9}.Debug|x64.Build.0 = Debug|x64
		{84F6E529-043C-48BE-9F95-81D5FDE90AD9}.Debug|x86.ActiveCfg = Debug|Win32
		{84F6E529-043C-48BE-9F95-81D5FDE90AD9}.Debug|x86.Build.0 = Debug|Win32
		{84F6E529-043C-48BE-9F95-81D5FDE90AD9}.Release|x64.ActiveCfg = Release|x64
		{84F6E529-043C-48BE-9F95-81D5FDE90AD9}.Release|x64.Build.0 = Release|x64
		{84F6E529-043C-48BE-9F95-81D5FDE90AD9}.Release|x86.ActiveCfg = Release|Win32
		{84F6E529-043C-48BE-9F95-81D5FDE90AD9}.Release|x86.Build.0 = Release|Win32
		{F3430466-A9A8-4924-8909-815C602AAD1F}.Debug|x64.ActiveCfg = Debug|x64
		{F3430466-A9A8-4924-8909-815C602AAD1F}.Debug|x64.Build.0 = Debug|x64
		{F3430466-A9A8-4924-8909-815C602AAD1F}.Debug|x86.ActiveCfg = Debug|Win32
		{F3430466-A9A8-4924-8909-815C602AAD1F}.Debug|x86.Build.0 = Debug|Win32
		{F3430466-A9A8-4924-8909-815C602AAD1F}.Release|x64.ActiveCfg = Release|x64
		{F3430466-A9A8-4924-8909-815C602AAD1F}.Release|x64.Build.0 = Release|x64
		{F3430466-A9A8-4924-8909-815C602AAD1F}.Release|x86.ActiveCfg = Release|Win32
		{F3430466-A9A8-4924-8909-815C602AAD1F}.Release|x86.Build.0 = Release|Win32
	EndGlobalSection
	GlobalSection(SolutionProperties) = preSolution
		HideSolutionNode = FALSE
	EndGlobalSection
	GlobalSection(NestedProjects) = preSolution
		{9ED06592-8058-4D98-88CB-6ABFCB354444} = {62469D80-911D-4D28-BBEA-117A88659A9A}
		{891AF9FB-EA23-42CE-B953-22EF131F0CDC} = {62469D80-911D-4D28-BBEA-117A88659A9A}
		{281FDF4C-E0BE-4CEA-BF0D-23CA9F46BD96} = {62469D80-911D-4D28-BBEA-117A88659A9A}
		{3AD6DDA0-F817-4EB1-98C0-39BCB237C9AB} = {62469D80-911D-4D28-BBEA-117A88659A9A}
		{84F6E529-043C-48BE-9F95-81D5FDE90AD9} = {62469D80-911D-4D28-BBEA-117A88659A9A}
		{F3430466-A9A8-4924-8909-815C602AAD1F} = {22B0F86F-2D17-4EC9-A536-3C8BBA69A801}
	EndGlobalSection
	GlobalSection(ExtensibilityGlobals) = postSolution
		SolutionGuid = {8F278499-59A4-4555-9100-7DC97FA3CFC6}
	EndGlobalSection
EndGlobal
